
Microsoft Visual Studio Solution File, Format Version 12.00
# Visual Studio Version 17
VisualStudioVersion = 17.8.34330.188
MinimumVisualStudioVersion = 10.0.40219.1
Project("{E24C65DC-7377-472B-9ABA-BC803B73C61A}") = "retrohof-static", ".", "{65229559-21FC-4FD1-B482-A843F8D91D59}"
	ProjectSection(WebsiteProperties) = preProject
		TargetFrameworkMoniker = ".NETFramework,Version%3Dv4.8.1"
		Debug.AspNetCompiler.VirtualPath = "/localhost_50941"
		Debug.AspNetCompiler.PhysicalPath = "..\retrohof-static\"
		Debug.AspNetCompiler.TargetPath = "PrecompiledWeb\localhost_50941\"
		Debug.AspNetCompiler.Updateable = "true"
		Debug.AspNetCompiler.ForceOverwrite = "true"
		Debug.AspNetCompiler.FixedNames = "false"
		Debug.AspNetCompiler.Debug = "True"
		Release.AspNetCompiler.VirtualPath = "/localhost_50941"
		Release.AspNetCompiler.PhysicalPath = "..\retrohof-static\"
		Release.AspNetCompiler.TargetPath = "PrecompiledWeb\localhost_50941\"
		Release.AspNetCompiler.Updateable = "true"
		Release.AspNetCompiler.ForceOverwrite = "true"
		Release.AspNetCompiler.FixedNames = "false"
		Release.AspNetCompiler.Debug = "False"
		VWDPort = "50941"
		SlnRelativePath = "..\retrohof-static\"
	EndProjectSection
EndProject
Global
	GlobalSection(SolutionConfigurationPlatforms) = preSolution
		Debug|Any CPU = Debug|Any CPU
	EndGlobalSection
	GlobalSection(ProjectConfigurationPlatforms) = postSolution
		{65229559-21FC-4FD1-B482-A843F8D91D59}.Debug|Any CPU.ActiveCfg = Debug|Any CPU
		{65229559-21FC-4FD1-B482-A843F8D91D59}.Debug|Any CPU.Build.0 = Debug|Any CPU
	EndGlobalSection
	GlobalSection(SolutionProperties) = preSolution
		HideSolutionNode = FALSE
	EndGlobalSection
	GlobalSection(ExtensibilityGlobals) = postSolution
		SolutionGuid = {A7652152-0047-4B18-B983-844F67FEB28E}
	EndGlobalSection
EndGlobal
